
Microsoft Visual Studio Solution File, Format Version 12.00
# Visual Studio Version 16
VisualStudioVersion = 16.0.29613.14
MinimumVisualStudioVersion = 10.0.40219.1
Project("{9A19103F-16F7-4668-BE54-9A1E7A4F7556}") = "Statistic.Application", "Statistic.Application\Statistic.Application.csproj", "{8885FCA7-2658-4B01-BD86-9693B4C36B96}"
EndProject
Project("{9A19103F-16F7-4668-BE54-9A1E7A4F7556}") = "Statistic.Persistence", "Statistic.Persistence\Statistic.Persistence.csproj", "{7B068A9C-CD52-48BC-91A3-696A780894BC}"
EndProject
Project("{9A19103F-16F7-4668-BE54-9A1E7A4F7556}") = "Statistic.UnitTests", "Statistic.UnitTests\Statistic.UnitTests.csproj", "{BC708F41-CBD3-479E-AFAE-D3CB2EB466F5}"
EndProject
Project("{2150E333-8FDC-42A3-9474-1A3956D46DE8}") = "Shared", "Shared", "{562F905C-2CEA-4A88-B6EF-B10FD637BADF}"
EndProject
Project("{9A19103F-16F7-4668-BE54-9A1E7A4F7556}") = "Shared.Bus.Messages", "..\Shared\Shared.Bus.Messages\Shared.Bus.Messages.csproj", "{213A72F5-C396-4CD8-BC68-C8620052EBBD}"
EndProject
Project("{9A19103F-16F7-4668-BE54-9A1E7A4F7556}") = "Shared.Persistence.MongoDb", "..\Shared\Shared.Persistence.MongoDb\Shared.Persistence.MongoDb.csproj", "{5FD3B887-3452-4872-91EC-A90612B116FB}"
EndProject
Project("{9A19103F-16F7-4668-BE54-9A1E7A4F7556}") = "Statistic.Api", "Statistic.Api\Statistic.Api.csproj", "{BEDF7BD4-722E-4FA7-8539-A3273F624803}"
EndProject
Project("{9A19103F-16F7-4668-BE54-9A1E7A4F7556}") = "Statistic.Domain", "Statistic.Domain\Statistic.Domain.csproj", "{E184E45C-D278-4984-9D5C-7FD4800AF0F0}"
EndProject
Project("{9A19103F-16F7-4668-BE54-9A1E7A4F7556}") = "Shared.Common", "..\Shared\Shared.Common\Shared.Common.csproj", "{A0909165-6FDF-4325-A35A-F52928DF8CAC}"
EndProject
Global
	GlobalSection(SolutionConfigurationPlatforms) = preSolution
		Debug|Any CPU = Debug|Any CPU
		Release|Any CPU = Release|Any CPU
	EndGlobalSection
	GlobalSection(ProjectConfigurationPlatforms) = postSolution
		{8885FCA7-2658-4B01-BD86-9693B4C36B96}.Debug|Any CPU.ActiveCfg = Debug|Any CPU
		{8885FCA7-2658-4B01-BD86-9693B4C36B96}.Debug|Any CPU.Build.0 = Debug|Any CPU
		{8885FCA7-2658-4B01-BD86-9693B4C36B96}.Release|Any CPU.ActiveCfg = Release|Any CPU
		{8885FCA7-2658-4B01-BD86-9693B4C36B96}.Release|Any CPU.Build.0 = Release|Any CPU
		{7B068A9C-CD52-48BC-91A3-696A780894BC}.Debug|Any CPU.ActiveCfg = Debug|Any CPU
		{7B068A9C-CD52-48BC-91A3-696A780894BC}.Debug|Any CPU.Build.0 = Debug|Any CPU
		{7B068A9C-CD52-48BC-91A3-696A780894BC}.Release|Any CPU.ActiveCfg = Release|Any CPU
		{7B068A9C-CD52-48BC-91A3-696A780894BC}.Release|Any CPU.Build.0 = Release|Any CPU
		{BC708F41-CBD3-479E-AFAE-D3CB2EB466F5}.Debug|Any CPU.ActiveCfg = Debug|Any CPU
		{BC708F41-CBD3-479E-AFAE-D3CB2EB466F5}.Debug|Any CPU.Build.0 = Debug|Any CPU
		{BC708F41-CBD3-479E-AFAE-D3CB2EB466F5}.Release|Any CPU.ActiveCfg = Release|Any CPU
		{BC708F41-CBD3-479E-AFAE-D3CB2EB466F5}.Release|Any CPU.Build.0 = Release|Any CPU
		{213A72F5-C396-4CD8-BC68-C8620052EBBD}.Debug|Any CPU.ActiveCfg = Debug|Any CPU
		{213A72F5-C396-4CD8-BC68-C8620052EBBD}.Debug|Any CPU.Build.0 = Debug|Any CPU
		{213A72F5-C396-4CD8-BC68-C8620052EBBD}.Release|Any CPU.ActiveCfg = Release|Any CPU
		{213A72F5-C396-4CD8-BC68-C8620052EBBD}.Release|Any CPU.Build.0 = Release|Any CPU
		{5FD3B887-3452-4872-91EC-A90612B116FB}.Debug|Any CPU.ActiveCfg = Debug|Any CPU
		{5FD3B887-3452-4872-91EC-A90612B116FB}.Debug|Any CPU.Build.0 = Debug|Any CPU
		{5FD3B887-3452-4872-91EC-A90612B116FB}.Release|Any CPU.ActiveCfg = Release|Any CPU
		{5FD3B887-3452-4872-91EC-A90612B116FB}.Release|Any CPU.Build.0 = Release|Any CPU
		{BEDF7BD4-722E-4FA7-8539-A3273F624803}.Debug|Any CPU.ActiveCfg = Debug|Any CPU
		{BEDF7BD4-722E-4FA7-8539-A3273F624803}.Debug|Any CPU.Build.0 = Debug|Any CPU
		{BEDF7BD4-722E-4FA7-8539-A3273F624803}.Release|Any CPU.ActiveCfg = Release|Any CPU
		{BEDF7BD4-722E-4FA7-8539-A3273F624803}.Release|Any CPU.Build.0 = Release|Any CPU
		{E184E45C-D278-4984-9D5C-7FD4800AF0F0}.Debug|Any CPU.ActiveCfg = Debug|Any CPU
		{E184E45C-D278-4984-9D5C-7FD4800AF0F0}.Debug|Any CPU.Build.0 = Debug|Any CPU
		{E184E45C-D278-4984-9D5C-7FD4800AF0F0}.Release|Any CPU.ActiveCfg = Release|Any CPU
		{E184E45C-D278-4984-9D5C-7FD4800AF0F0}.Release|Any CPU.Build.0 = Release|Any CPU
		{A0909165-6FDF-4325-A35A-F52928DF8CAC}.Debug|Any CPU.ActiveCfg = Debug|Any CPU
		{A0909165-6FDF-4325-A35A-F52928DF8CAC}.Debug|Any CPU.Build.0 = Debug|Any CPU
		{A0909165-6FDF-4325-A35A-F52928DF8CAC}.Release|Any CPU.ActiveCfg = Release|Any CPU
		{A0909165-6FDF-4325-A35A-F52928DF8CAC}.Release|Any CPU.Build.0 = Release|Any CPU
	EndGlobalSection
	GlobalSection(SolutionProperties) = preSolution
		HideSolutionNode = FALSE
	EndGlobalSection
	GlobalSection(NestedProjects) = preSolution
		{213A72F5-C396-4CD8-BC68-C8620052EBBD} = {562F905C-2CEA-4A88-B6EF-B10FD637BADF}
		{5FD3B887-3452-4872-91EC-A90612B116FB} = {562F905C-2CEA-4A88-B6EF-B10FD637BADF}
		{A0909165-6FDF-4325-A35A-F52928DF8CAC} = {562F905C-2CEA-4A88-B6EF-B10FD637BADF}
	EndGlobalSection
	GlobalSection(ExtensibilityGlobals) = postSolution
		SolutionGuid = {F7677E45-7F95-4878-B7C7-B037078C2FC0}
	EndGlobalSection
EndGlobal
