
Microsoft Visual Studio Solution File, Format Version 12.00
# Visual Studio Version 16
VisualStudioVersion = 16.0.29613.14
MinimumVisualStudioVersion = 10.0.40219.1
Project("{9A19103F-16F7-4668-BE54-9A1E7A4F7556}") = "Statistic.Application", "Statistic.Application\Statistic.Application.csproj", "{8885FCA7-2658-4B01-BD86-9693B4C36B96}"
EndProject
Project("{9A19103F-16F7-4668-BE54-9A1E7A4F7556}") = "Statistic.Domain", "Statistic.Domain\Statistic.Domain.csproj", "{1478865E-0B3E-403A-95F4-3110488FE486}"
EndProject
Project("{9A19103F-16F7-4668-BE54-9A1E7A4F7556}") = "Statistic.Persistence", "Statistic.Persistence\Statistic.Persistence.csproj", "{7B068A9C-CD52-48BC-91A3-696A780894BC}"
EndProject
Project("{9A19103F-16F7-4668-BE54-9A1E7A4F7556}") = "Statistic.UnitTests", "Statistic.UnitTests\Statistic.UnitTests.csproj", "{BC708F41-CBD3-479E-AFAE-D3CB2EB466F5}"
EndProject
Project("{9A19103F-16F7-4668-BE54-9A1E7A4F7556}") = "Statistic.Api", "Statistic.Api\Statistic.Api.csproj", "{87E5A5F1-24F5-44BF-8F7D-8CC372790C74}"
EndProject
Global
	GlobalSection(SolutionConfigurationPlatforms) = preSolution
		Debug|Any CPU = Debug|Any CPU
		Release|Any CPU = Release|Any CPU
	EndGlobalSection
	GlobalSection(ProjectConfigurationPlatforms) = postSolution
		{8885FCA7-2658-4B01-BD86-9693B4C36B96}.Debug|Any CPU.ActiveCfg = Debug|Any CPU
		{8885FCA7-2658-4B01-BD86-9693B4C36B96}.Debug|Any CPU.Build.0 = Debug|Any CPU
		{8885FCA7-2658-4B01-BD86-9693B4C36B96}.Release|Any CPU.ActiveCfg = Release|Any CPU
		{8885FCA7-2658-4B01-BD86-9693B4C36B96}.Release|Any CPU.Build.0 = Release|Any CPU
		{1478865E-0B3E-403A-95F4-3110488FE486}.Debug|Any CPU.ActiveCfg = Debug|Any CPU
		{1478865E-0B3E-403A-95F4-3110488FE486}.Debug|Any CPU.Build.0 = Debug|Any CPU
		{1478865E-0B3E-403A-95F4-3110488FE486}.Release|Any CPU.ActiveCfg = Release|Any CPU
		{1478865E-0B3E-403A-95F4-3110488FE486}.Release|Any CPU.Build.0 = Release|Any CPU
		{7B068A9C-CD52-48BC-91A3-696A780894BC}.Debug|Any CPU.ActiveCfg = Debug|Any CPU
		{7B068A9C-CD52-48BC-91A3-696A780894BC}.Debug|Any CPU.Build.0 = Debug|Any CPU
		{7B068A9C-CD52-48BC-91A3-696A780894BC}.Release|Any CPU.ActiveCfg = Release|Any CPU
		{7B068A9C-CD52-48BC-91A3-696A780894BC}.Release|Any CPU.Build.0 = Release|Any CPU
		{BC708F41-CBD3-479E-AFAE-D3CB2EB466F5}.Debug|Any CPU.ActiveCfg = Debug|Any CPU
		{BC708F41-CBD3-479E-AFAE-D3CB2EB466F5}.Debug|Any CPU.Build.0 = Debug|Any CPU
		{BC708F41-CBD3-479E-AFAE-D3CB2EB466F5}.Release|Any CPU.ActiveCfg = Release|Any CPU
		{BC708F41-CBD3-479E-AFAE-D3CB2EB466F5}.Release|Any CPU.Build.0 = Release|Any CPU
		{87E5A5F1-24F5-44BF-8F7D-8CC372790C74}.Debug|Any CPU.ActiveCfg = Debug|Any CPU
		{87E5A5F1-24F5-44BF-8F7D-8CC372790C74}.Debug|Any CPU.Build.0 = Debug|Any CPU
		{87E5A5F1-24F5-44BF-8F7D-8CC372790C74}.Release|Any CPU.ActiveCfg = Release|Any CPU
		{87E5A5F1-24F5-44BF-8F7D-8CC372790C74}.Release|Any CPU.Build.0 = Release|Any CPU
	EndGlobalSection
	GlobalSection(SolutionProperties) = preSolution
		HideSolutionNode = FALSE
	EndGlobalSection
	GlobalSection(ExtensibilityGlobals) = postSolution
		SolutionGuid = {F7677E45-7F95-4878-B7C7-B037078C2FC0}
	EndGlobalSection
EndGlobal
